
Microsoft Visual Studio Solution File, Format Version 12.00
# Visual Studio 15
VisualStudioVersion = 15.0.28010.2026
MinimumVisualStudioVersion = 10.0.40219.1
Project("{2150E333-8FDC-42A3-9474-1A3956D46DE8}") = "src", "src", "{706409D3-BF04-44BB-8A10-2CCAB9D1D0F1}"
EndProject
Project("{2150E333-8FDC-42A3-9474-1A3956D46DE8}") = "Test", "Test", "{B39E3815-870A-4475-B5FA-DB8C0046864F}"
EndProject
Project("{FAE04EC0-301F-11D3-BF4B-00C04F79EFBC}") = "TestCourseWithDDD.Test", "TestCourseWithDDD.Test\TestCourseWithDDD.Test.csproj", "{3A5D7554-20EA-4381-9F27-439AB4FFCAEB}"
EndProject
Project("{2150E333-8FDC-42A3-9474-1A3956D46DE8}") = "Domain", "Domain", "{D071C1FD-8710-4D72-948E-9E484F36CF3B}"
EndProject
Project("{FAE04EC0-301F-11D3-BF4B-00C04F79EFBC}") = "TestCourseWithDDD.Domain", "TestCourseWithDDD.Domain\TestCourseWithDDD.Domain.csproj", "{A707D13C-676A-4E35-9C13-BAFFEEC37EA9}"
EndProject
Global
	GlobalSection(SolutionConfigurationPlatforms) = preSolution
		Debug|Any CPU = Debug|Any CPU
		Release|Any CPU = Release|Any CPU
	EndGlobalSection
	GlobalSection(ProjectConfigurationPlatforms) = postSolution
		{3A5D7554-20EA-4381-9F27-439AB4FFCAEB}.Debug|Any CPU.ActiveCfg = Debug|Any CPU
		{3A5D7554-20EA-4381-9F27-439AB4FFCAEB}.Debug|Any CPU.Build.0 = Debug|Any CPU
		{3A5D7554-20EA-4381-9F27-439AB4FFCAEB}.Release|Any CPU.ActiveCfg = Release|Any CPU
		{3A5D7554-20EA-4381-9F27-439AB4FFCAEB}.Release|Any CPU.Build.0 = Release|Any CPU
		{A707D13C-676A-4E35-9C13-BAFFEEC37EA9}.Debug|Any CPU.ActiveCfg = Debug|Any CPU
		{A707D13C-676A-4E35-9C13-BAFFEEC37EA9}.Debug|Any CPU.Build.0 = Debug|Any CPU
		{A707D13C-676A-4E35-9C13-BAFFEEC37EA9}.Release|Any CPU.ActiveCfg = Release|Any CPU
		{A707D13C-676A-4E35-9C13-BAFFEEC37EA9}.Release|Any CPU.Build.0 = Release|Any CPU
	EndGlobalSection
	GlobalSection(SolutionProperties) = preSolution
		HideSolutionNode = FALSE
	EndGlobalSection
	GlobalSection(NestedProjects) = preSolution
		{3A5D7554-20EA-4381-9F27-439AB4FFCAEB} = {B39E3815-870A-4475-B5FA-DB8C0046864F}
		{D071C1FD-8710-4D72-948E-9E484F36CF3B} = {706409D3-BF04-44BB-8A10-2CCAB9D1D0F1}
		{A707D13C-676A-4E35-9C13-BAFFEEC37EA9} = {D071C1FD-8710-4D72-948E-9E484F36CF3B}
	EndGlobalSection
	GlobalSection(ExtensibilityGlobals) = postSolution
		SolutionGuid = {F3ED559A-87D7-4BDE-A06A-8267A135D9D8}
	EndGlobalSection
EndGlobal
